
Microsoft Visual Studio Solution File, Format Version 12.00
# Visual Studio Version 17
VisualStudioVersion = 17.7.34024.191
MinimumVisualStudioVersion = 10.0.40219.1
Project("{FAE04EC0-301F-11D3-BF4B-00C04F79EFBC}") = "TestGenerator", "TestGenerator.csproj", "{9094A4DE-3AA7-465B-B54D-B1F4B8F21C75}"
EndProject
Global
	GlobalSection(SolutionConfigurationPlatforms) = preSolution
		Debug|Any CPU = Debug|Any CPU
		Release|Any CPU = Release|Any CPU
	EndGlobalSection
	GlobalSection(ProjectConfigurationPlatforms) = postSolution
		{9094A4DE-3AA7-465B-B54D-B1F4B8F21C75}.Debug|Any CPU.ActiveCfg = Debug|Any CPU
		{9094A4DE-3AA7-465B-B54D-B1F4B8F21C75}.Debug|Any CPU.Build.0 = Debug|Any CPU
		{9094A4DE-3AA7-465B-B54D-B1F4B8F21C75}.Release|Any CPU.ActiveCfg = Release|Any CPU
		{9094A4DE-3AA7-465B-B54D-B1F4B8F21C75}.Release|Any CPU.Build.0 = Release|Any CPU
	EndGlobalSection
	GlobalSection(SolutionProperties) = preSolution
		HideSolutionNode = FALSE
	EndGlobalSection
	GlobalSection(ExtensibilityGlobals) = postSolution
		SolutionGuid = {99A8AF7E-2FFD-43F3-94B3-81F0A6823BFD}
	EndGlobalSection
EndGlobal
